{
  "name": "malta-haml",
  "version": "1.0.3",
  "lockfileVersion": 1,
  "requires": true,
  "dependencies": {
    "hamljs": {
      "version": "0.6.2",
      "resolved": "https://registry.npmjs.org/hamljs/-/hamljs-0.6.2.tgz",
      "integrity": "sha1-e3EWz22+cnjkKz9u+HJaM+F3yOM="
    },
    "malta": {
      "version": "3.8.14",
      "resolved": "https://registry.npmjs.org/malta/-/malta-3.8.14.tgz",
      "integrity": "sha512-4U1+AxKvbj9eM6qfPwPRZ2jrVKQNyJab3/YX4vG4AM3Eu/+6y5pLasa3WSNLczYa3DE23hF3xT+2bs5V5kVXoQ=="
    }
  }
}
